
Microsoft Visual Studio Solution File, Format Version 12.00
Project("{FAE04EC0-301F-11D3-BF4B-00C04F79EFBC}") = "WordsApp", "WordsApp\WordsApp.csproj", "{0D856E42-9CFC-45FE-9F74-01F68E1DBACC}"
EndProject
Global
	GlobalSection(SolutionConfigurationPlatforms) = preSolution
		Debug|Any CPU = Debug|Any CPU
		Release|Any CPU = Release|Any CPU
	EndGlobalSection
	GlobalSection(ProjectConfigurationPlatforms) = postSolution
		{0D856E42-9CFC-45FE-9F74-01F68E1DBACC}.Debug|Any CPU.ActiveCfg = Debug|Any CPU
		{0D856E42-9CFC-45FE-9F74-01F68E1DBACC}.Debug|Any CPU.Build.0 = Debug|Any CPU
		{0D856E42-9CFC-45FE-9F74-01F68E1DBACC}.Release|Any CPU.ActiveCfg = Release|Any CPU
		{0D856E42-9CFC-45FE-9F74-01F68E1DBACC}.Release|Any CPU.Build.0 = Release|Any CPU
	EndGlobalSection
EndGlobal
